lockfileVersion: '6.0'

settings:
  autoInstallPeers: true
  excludeLinksFromLockfile: false

dependencies:
  commander:
    specifier: ^12.1.0
    version: 12.1.0
  inquirer:
    specifier: ^12.0.1
    version: 12.0.1(@types/node@22.9.0)
  shelljs:
    specifier: ^0.8.5
    version: 0.8.5

packages:

  /@inquirer/checkbox@4.0.1(@types/node@22.9.0):
    resolution: {integrity: sha512-ehJjmNPdguajc1hStvjN7DJNVjwG5LC1mgGMGFjCmdkn2fxB2GtULftMnlaqNmvMdPpqdaSoOFpl86VkLtG4pQ==, tarball: https://registry.npmmirror.com/@inquirer/checkbox/-/checkbox-4.0.1.tgz}
    engines: {node: '>=18'}
    peerDependencies:
      '@types/node': '>=18'
    dependencies:
      '@inquirer/core': 10.0.1(@types/node@22.9.0)
      '@inquirer/figures': 1.0.7
      '@inquirer/type': 3.0.0(@types/node@22.9.0)
      '@types/node': 22.9.0
      ansi-escapes: 4.3.2
      yoctocolors-cjs: 2.1.2
    dev: false

  /@inquirer/confirm@5.0.1(@types/node@22.9.0):
    resolution: {integrity: sha512-6ycMm7k7NUApiMGfVc32yIPp28iPKxhGRMqoNDiUjq2RyTAkbs5Fx0TdzBqhabcKvniDdAAvHCmsRjnNfTsogw==, tarball: https://registry.npmmirror.com/@inquirer/confirm/-/confirm-5.0.1.tgz}
    engines: {node: '>=18'}
    peerDependencies:
      '@types/node': '>=18'
    dependencies:
      '@inquirer/core': 10.0.1(@types/node@22.9.0)
      '@inquirer/type': 3.0.0(@types/node@22.9.0)
      '@types/node': 22.9.0
    dev: false

  /@inquirer/core@10.0.1(@types/node@22.9.0):
    resolution: {integrity: sha512-KKTgjViBQUi3AAssqjUFMnMO3CM3qwCHvePV9EW+zTKGKafFGFF01sc1yOIYjLJ7QU52G/FbzKc+c01WLzXmVQ==, tarball: https://registry.npmmirror.com/@inquirer/core/-/core-10.0.1.tgz}
    engines: {node: '>=18'}
    dependencies:
      '@inquirer/figures': 1.0.7
      '@inquirer/type': 3.0.0(@types/node@22.9.0)
      ansi-escapes: 4.3.2
      cli-width: 4.1.0
      mute-stream: 2.0.0
      signal-exit: 4.1.0
      strip-ansi: 6.0.1
      wrap-ansi: 6.2.0
      yoctocolors-cjs: 2.1.2
    transitivePeerDependencies:
      - '@types/node'
    dev: false

  /@inquirer/editor@4.0.1(@types/node@22.9.0):
    resolution: {integrity: sha512-qAHHJ6hs343eNtCKgV2wV5CImFxYG8J1pl/YCeI5w9VoW7QpulRUU26+4NsMhjR6zDRjKBsH/rRjCIcaAOHsrg==, tarball: https://registry.npmmirror.com/@inquirer/editor/-/editor-4.0.1.tgz}
    engines: {node: '>=18'}
    peerDependencies:
      '@types/node': '>=18'
    dependencies:
      '@inquirer/core': 10.0.1(@types/node@22.9.0)
      '@inquirer/type': 3.0.0(@types/node@22.9.0)
      '@types/node': 22.9.0
      external-editor: 3.1.0
    dev: false

  /@inquirer/expand@4.0.1(@types/node@22.9.0):
    resolution: {integrity: sha512-9anjpdc802YInXekwePsa5LWySzVMHbhVS6v6n5IJxrl8w09mODOeP69wZ1d0WrOvot2buQSmYp4lW/pq8y+zQ==, tarball: https://registry.npmmirror.com/@inquirer/expand/-/expand-4.0.1.tgz}
    engines: {node: '>=18'}
    peerDependencies:
      '@types/node': '>=18'
    dependencies:
      '@inquirer/core': 10.0.1(@types/node@22.9.0)
      '@inquirer/type': 3.0.0(@types/node@22.9.0)
      '@types/node': 22.9.0
      yoctocolors-cjs: 2.1.2
    dev: false

  /@inquirer/figures@1.0.7:
    resolution: {integrity: sha512-m+Trk77mp54Zma6xLkLuY+mvanPxlE4A7yNKs2HBiyZ4UkVs28Mv5c/pgWrHeInx+USHeX/WEPzjrWrcJiQgjw==, tarball: https://registry.npmmirror.com/@inquirer/figures/-/figures-1.0.7.tgz}
    engines: {node: '>=18'}
    dev: false

  /@inquirer/input@4.0.1(@types/node@22.9.0):
    resolution: {integrity: sha512-m+SliZ2m43cDRIpAdQxfv5QOeAQCuhS8TGLvtzEP1An4IH1kBES4RLMRgE/fC+z29aN8qYG8Tq/eXQQKTYwqAg==, tarball: https://registry.npmmirror.com/@inquirer/input/-/input-4.0.1.tgz}
    engines: {node: '>=18'}
    peerDependencies:
      '@types/node': '>=18'
    dependencies:
      '@inquirer/core': 10.0.1(@types/node@22.9.0)
      '@inquirer/type': 3.0.0(@types/node@22.9.0)
      '@types/node': 22.9.0
    dev: false

  /@inquirer/number@3.0.1(@types/node@22.9.0):
    resolution: {integrity: sha512-gF3erqfm0snpwBjbyKXUUe17QJ7ebm49btXApajrM0rgCCoYX0o9W5NCuYNae87iPxaIJVjtuoQ42DX32IdbMA==, tarball: https://registry.npmmirror.com/@inquirer/number/-/number-3.0.1.tgz}
    engines: {node: '>=18'}
    peerDependencies:
      '@types/node': '>=18'
    dependencies:
      '@inquirer/core': 10.0.1(@types/node@22.9.0)
      '@inquirer/type': 3.0.0(@types/node@22.9.0)
      '@types/node': 22.9.0
    dev: false

  /@inquirer/password@4.0.1(@types/node@22.9.0):
    resolution: {integrity: sha512-D7zUuX4l4ZpL3D7/SWu9ibijP09jigwHi/gfUHLx5GMS5oXzuMfPV2xPMG1tskco4enTx70HA0VtMXecerpvbg==, tarball: https://registry.npmmirror.com/@inquirer/password/-/password-4.0.1.tgz}
    engines: {node: '>=18'}
    peerDependencies:
      '@types/node': '>=18'
    dependencies:
      '@inquirer/core': 10.0.1(@types/node@22.9.0)
      '@inquirer/type': 3.0.0(@types/node@22.9.0)
      '@types/node': 22.9.0
      ansi-escapes: 4.3.2
    dev: false

  /@inquirer/prompts@7.0.1(@types/node@22.9.0):
    resolution: {integrity: sha512-cu2CpGC2hz7WTt2VBvdkzahDvYice6vYA/8Dm7Fy3tRNzKuQTF2EY3CV4H2GamveWE6tA2XzyXtbWX8+t4WMQg==, tarball: https://registry.npmmirror.com/@inquirer/prompts/-/prompts-7.0.1.tgz}
    engines: {node: '>=18'}
    peerDependencies:
      '@types/node': '>=18'
    dependencies:
      '@inquirer/checkbox': 4.0.1(@types/node@22.9.0)
      '@inquirer/confirm': 5.0.1(@types/node@22.9.0)
      '@inquirer/editor': 4.0.1(@types/node@22.9.0)
      '@inquirer/expand': 4.0.1(@types/node@22.9.0)
      '@inquirer/input': 4.0.1(@types/node@22.9.0)
      '@inquirer/number': 3.0.1(@types/node@22.9.0)
      '@inquirer/password': 4.0.1(@types/node@22.9.0)
      '@inquirer/rawlist': 4.0.1(@types/node@22.9.0)
      '@inquirer/search': 3.0.1(@types/node@22.9.0)
      '@inquirer/select': 4.0.1(@types/node@22.9.0)
      '@types/node': 22.9.0
    dev: false

  /@inquirer/rawlist@4.0.1(@types/node@22.9.0):
    resolution: {integrity: sha512-0LuMOgaWs7W8JNcbiKkoFwyWFDEeCmLqDCygF0hidQUVa6J5grFVRZxrpompiWDFM49Km2rf7WoZwRo1uf1yWQ==, tarball: https://registry.npmmirror.com/@inquirer/rawlist/-/rawlist-4.0.1.tgz}
    engines: {node: '>=18'}
    peerDependencies:
      '@types/node': '>=18'
    dependencies:
      '@inquirer/core': 10.0.1(@types/node@22.9.0)
      '@inquirer/type': 3.0.0(@types/node@22.9.0)
      '@types/node': 22.9.0
      yoctocolors-cjs: 2.1.2
    dev: false

  /@inquirer/search@3.0.1(@types/node@22.9.0):
    resolution: {integrity: sha512-ehMqjiO0pAf+KtdONKeCLVy4i3fy3feyRRhDrvzWhiwB8JccgKn7eHFr39l+Nx/FaZAhr0YxIJvkK5NuNvG+Ww==, tarball: https://registry.npmmirror.com/@inquirer/search/-/search-3.0.1.tgz}
    engines: {node: '>=18'}
    peerDependencies:
      '@types/node': '>=18'
    dependencies:
      '@inquirer/core': 10.0.1(@types/node@22.9.0)
      '@inquirer/figures': 1.0.7
      '@inquirer/type': 3.0.0(@types/node@22.9.0)
      '@types/node': 22.9.0
      yoctocolors-cjs: 2.1.2
    dev: false

  /@inquirer/select@4.0.1(@types/node@22.9.0):
    resolution: {integrity: sha512-tVRatFRGU49bxFCKi/3P+C0E13KZduNFbWuHWRx0L2+jbiyKRpXgHp9qiRHWRk/KarhYBXzH/di6w3VQ5aJd5w==, tarball: https://registry.npmmirror.com/@inquirer/select/-/select-4.0.1.tgz}
    engines: {node: '>=18'}
    peerDependencies:
      '@types/node': '>=18'
    dependencies:
      '@inquirer/core': 10.0.1(@types/node@22.9.0)
      '@inquirer/figures': 1.0.7
      '@inquirer/type': 3.0.0(@types/node@22.9.0)
      '@types/node': 22.9.0
      ansi-escapes: 4.3.2
      yoctocolors-cjs: 2.1.2
    dev: false

  /@inquirer/type@3.0.0(@types/node@22.9.0):
    resolution: {integrity: sha512-YYykfbw/lefC7yKj7nanzQXILM7r3suIvyFlCcMskc99axmsSewXWkAfXKwMbgxL76iAFVmRwmYdwNZNc8gjog==, tarball: https://registry.npmmirror.com/@inquirer/type/-/type-3.0.0.tgz}
    engines: {node: '>=18'}
    peerDependencies:
      '@types/node': '>=18'
    dependencies:
      '@types/node': 22.9.0
    dev: false

  /@types/node@22.9.0:
    resolution: {integrity: sha512-vuyHg81vvWA1Z1ELfvLko2c8f34gyA0zaic0+Rllc5lbCnbSyuvb2Oxpm6TAUAC/2xZN3QGqxBNggD1nNR2AfQ==, tarball: https://registry.npmmirror.com/@types/node/-/node-22.9.0.tgz}
    dependencies:
      undici-types: 6.19.8
    dev: false

  /ansi-escapes@4.3.2:
    resolution: {integrity: sha512-gKXj5ALrKWQLsYG9jlTRmR/xKluxHV+Z9QEwNIgCfM1/uwPMCuzVVnh5mwTd+OuBZcwSIMbqssNWRm1lE51QaQ==, tarball: https://registry.npmmirror.com/ansi-escapes/-/ansi-escapes-4.3.2.tgz}
    engines: {node: '>=8'}
    dependencies:
      type-fest: 0.21.3
    dev: false

  /ansi-regex@5.0.1:
    resolution: {integrity: sha512-quJQXlTSUGL2LH9SUXo8VwsY4soanhgo6LNSm84E1LBcE8s3O0wpdiRzyR9z/ZZJMlMWv37qOOb9pdJlMUEKFQ==, tarball: https://registry.npmmirror.com/ansi-regex/-/ansi-regex-5.0.1.tgz}
    engines: {node: '>=8'}
    dev: false

  /ansi-styles@4.3.0:
    resolution: {integrity: sha512-zbB9rCJAT1rbjiVDb2hqKFHNYLxgtk8NURxZ3IZwD3F6NtxbXZQCnnSi1Lkx+IDohdPlFp222wVALIheZJQSEg==, tarball: https://registry.npmmirror.com/ansi-styles/-/ansi-styles-4.3.0.tgz}
    engines: {node: '>=8'}
    dependencies:
      color-convert: 2.0.1
    dev: false

  /balanced-match@1.0.2:
    resolution: {integrity: sha512-3oSeUO0TMV67hN1AmbXsK4yaqU7tjiHlbxRDZOpH0KW9+CeX4bRAaX0Anxt0tx2MrpRpWwQaPwIlISEJhYU5Pw==, tarball: https://registry.npmmirror.com/balanced-match/-/balanced-match-1.0.2.tgz}
    dev: false

  /brace-expansion@1.1.11:
    resolution: {integrity: sha512-iCuPHDFgrHX7H2vEI/5xpz07zSHB00TpugqhmYtVmMO6518mCuRMoOYFldEBl0g187ufozdaHgWKcYFb61qGiA==, tarball: https://registry.npmmirror.com/brace-expansion/-/brace-expansion-1.1.11.tgz}
    dependencies:
      balanced-match: 1.0.2
      concat-map: 0.0.1
    dev: false

  /chardet@0.7.0:
    resolution: {integrity: sha512-mT8iDcrh03qDGRRmoA2hmBJnxpllMR+0/0qlzjqZES6NdiWDcZkCNAk4rPFZ9Q85r27unkiNNg8ZOiwZXBHwcA==, tarball: https://registry.npmmirror.com/chardet/-/chardet-0.7.0.tgz}
    dev: false

  /cli-width@4.1.0:
    resolution: {integrity: sha512-ouuZd4/dm2Sw5Gmqy6bGyNNNe1qt9RpmxveLSO7KcgsTnU7RXfsw+/bukWGo1abgBiMAic068rclZsO4IWmmxQ==, tarball: https://registry.npmmirror.com/cli-width/-/cli-width-4.1.0.tgz}
    engines: {node: '>= 12'}
    dev: false

  /color-convert@2.0.1:
    resolution: {integrity: sha512-RRECPsj7iu/xb5oKYcsFHSppFNnsj/52OVTRKb4zP5onXwVF3zVmmToNcOfGC+CRDpfK/U584fMg38ZHCaElKQ==, tarball: https://registry.npmmirror.com/color-convert/-/color-convert-2.0.1.tgz}
    engines: {node: '>=7.0.0'}
    dependencies:
      color-name: 1.1.4
    dev: false

  /color-name@1.1.4:
    resolution: {integrity: sha512-dOy+3AuW3a2wNbZHIuMZpTcgjGuLU/uBL/ubcZF9OXbDo8ff4O8yVp5Bf0efS8uEoYo5q4Fx7dY9OgQGXgAsQA==, tarball: https://registry.npmmirror.com/color-name/-/color-name-1.1.4.tgz}
    dev: false

  /commander@12.1.0:
    resolution: {integrity: sha512-Vw8qHK3bZM9y/P10u3Vib8o/DdkvA2OtPtZvD871QKjy74Wj1WSKFILMPRPSdUSx5RFK1arlJzEtA4PkFgnbuA==, tarball: https://registry.npmmirror.com/commander/-/commander-12.1.0.tgz}
    engines: {node: '>=18'}
    dev: false

  /concat-map@0.0.1:
    resolution: {integrity: sha512-/Srv4dswyQNBfohGpz9o6Yb3Gz3SrUDqBH5rTuhGR7ahtlbYKnVxw2bCFMRljaA7EXHaXZ8wsHdodFvbkhKmqg==, tarball: https://registry.npmmirror.com/concat-map/-/concat-map-0.0.1.tgz}
    dev: false

  /emoji-regex@8.0.0:
    resolution: {integrity: sha512-MSjYzcWNOA0ewAHpz0MxpYFvwg6yjy1NG3xteoqz644VCo/RPgnr1/GGt+ic3iJTzQ8Eu3TdM14SawnVUmGE6A==, tarball: https://registry.npmmirror.com/emoji-regex/-/emoji-regex-8.0.0.tgz}
    dev: false

  /external-editor@3.1.0:
    resolution: {integrity: sha512-hMQ4CX1p1izmuLYyZqLMO/qGNw10wSv9QDCPfzXfyFrOaCSSoRfqE1Kf1s5an66J5JZC62NewG+mK49jOCtQew==, tarball: https://registry.npmmirror.com/external-editor/-/external-editor-3.1.0.tgz}
    engines: {node: '>=4'}
    dependencies:
      chardet: 0.7.0
      iconv-lite: 0.4.24
      tmp: 0.0.33
    dev: false

  /fs.realpath@1.0.0:
    resolution: {integrity: sha512-OO0pH2lK6a0hZnAdau5ItzHPI6pUlvI7jMVnxUQRtw4owF2wk8lOSabtGDCTP4Ggrg2MbGnWO9X8K1t4+fGMDw==, tarball: https://registry.npmmirror.com/fs.realpath/-/fs.realpath-1.0.0.tgz}
    dev: false

  /function-bind@1.1.2:
    resolution: {integrity: sha512-7XHNxH7qX9xG5mIwxkhumTox/MIRNcOgDrxWsMt2pAr23WHp6MrRlN7FBSFpCpr+oVO0F744iUgR82nJMfG2SA==, tarball: https://registry.npmmirror.com/function-bind/-/function-bind-1.1.2.tgz}
    dev: false

  /glob@7.2.3:
    resolution: {integrity: sha512-nFR0zLpU2YCaRxwoCJvL6UvCH2JFyFVIvwTLsIf21AuHlMskA1hhTdk+LlYJtOlYt9v6dvszD2BGRqBL+iQK9Q==, tarball: https://registry.npmmirror.com/glob/-/glob-7.2.3.tgz}
    deprecated: Glob versions prior to v9 are no longer supported
    dependencies:
      fs.realpath: 1.0.0
      inflight: 1.0.6
      inherits: 2.0.4
      minimatch: 3.1.2
      once: 1.4.0
      path-is-absolute: 1.0.1
    dev: false

  /hasown@2.0.2:
    resolution: {integrity: sha512-0hJU9SCPvmMzIBdZFqNPXWa6dqh7WdH0cII9y+CyS8rG3nL48Bclra9HmKhVVUHyPWNH5Y7xDwAB7bfgSjkUMQ==, tarball: https://registry.npmmirror.com/hasown/-/hasown-2.0.2.tgz}
    engines: {node: '>= 0.4'}
    dependencies:
      function-bind: 1.1.2
    dev: false

  /iconv-lite@0.4.24:
    resolution: {integrity: sha512-v3MXnZAcvnywkTUEZomIActle7RXXeedOR31wwl7VlyoXO4Qi9arvSenNQWne1TcRwhCL1HwLI21bEqdpj8/rA==, tarball: https://registry.npmmirror.com/iconv-lite/-/iconv-lite-0.4.24.tgz}
    engines: {node: '>=0.10.0'}
    dependencies:
      safer-buffer: 2.1.2
    dev: false

  /inflight@1.0.6:
    resolution: {integrity: sha512-k92I/b08q4wvFscXCLvqfsHCrjrF7yiXsQuIVvVE7N82W3+aqpzuUdBbfhWcy/FZR3/4IgflMgKLOsvPDrGCJA==, tarball: https://registry.npmmirror.com/inflight/-/inflight-1.0.6.tgz}
    deprecated: This module is not supported, and leaks memory. Do not use it. Check out lru-cache if you want a good and tested way to coalesce async requests by a key value, which is much more comprehensive and powerful.
    dependencies:
      once: 1.4.0
      wrappy: 1.0.2
    dev: false

  /inherits@2.0.4:
    resolution: {integrity: sha512-k/vGaX4/Yla3WzyMCvTQOXYeIHvqOKtnqBduzTHpzpQZzAskKMhZ2K+EnBiSM9zGSoIFeMpXKxa4dYeZIQqewQ==, tarball: https://registry.npmmirror.com/inherits/-/inherits-2.0.4.tgz}
    dev: false

  /inquirer@12.0.1(@types/node@22.9.0):
    resolution: {integrity: sha512-o11Jc2Go6wDZA17SWofiJ6L8k7mB8lsdKB/QY0bI+8e+ATiAvQzmROjqoTd1iAY8RI6N/EDcQcxbQa4JYviDWg==, tarball: https://registry.npmmirror.com/inquirer/-/inquirer-12.0.1.tgz}
    engines: {node: '>=18'}
    peerDependencies:
      '@types/node': '>=18'
    dependencies:
      '@inquirer/core': 10.0.1(@types/node@22.9.0)
      '@inquirer/prompts': 7.0.1(@types/node@22.9.0)
      '@inquirer/type': 3.0.0(@types/node@22.9.0)
      '@types/node': 22.9.0
      ansi-escapes: 4.3.2
      mute-stream: 2.0.0
      run-async: 3.0.0
      rxjs: 7.8.1
    dev: false

  /interpret@1.4.0:
    resolution: {integrity: sha512-agE4QfB2Lkp9uICn7BAqoscw4SZP9kTE2hxiFI3jBPmXJfdqiahTbUuKGsMoN2GtqL9AxhYioAcVvgsb1HvRbA==, tarball: https://registry.npmmirror.com/interpret/-/interpret-1.4.0.tgz}
    engines: {node: '>= 0.10'}
    dev: false

  /is-core-module@2.15.1:
    resolution: {integrity: sha512-z0vtXSwucUJtANQWldhbtbt7BnL0vxiFjIdDLAatwhDYty2bad6s+rijD6Ri4YuYJubLzIJLUidCh09e1djEVQ==, tarball: https://registry.npmmirror.com/is-core-module/-/is-core-module-2.15.1.tgz}
    engines: {node: '>= 0.4'}
    dependencies:
      hasown: 2.0.2
    dev: false

  /is-fullwidth-code-point@3.0.0:
    resolution: {integrity: sha512-zymm5+u+sCsSWyD9qNaejV3DFvhCKclKdizYaJUuHA83RLjb7nSuGnddCHGv0hk+KY7BMAlsWeK4Ueg6EV6XQg==, tarball: https://registry.npmmirror.com/is-fullwidth-code-point/-/is-fullwidth-code-point-3.0.0.tgz}
    engines: {node: '>=8'}
    dev: false

  /minimatch@3.1.2:
    resolution: {integrity: sha512-J7p63hRiAjw1NDEww1W7i37+ByIrOWO5XQQAzZ3VOcL0PNybwpfmV/N05zFAzwQ9USyEcX6t3UO+K5aqBQOIHw==, tarball: https://registry.npmmirror.com/minimatch/-/minimatch-3.1.2.tgz}
    dependencies:
      brace-expansion: 1.1.11
    dev: false

  /mute-stream@2.0.0:
    resolution: {integrity: sha512-WWdIxpyjEn+FhQJQQv9aQAYlHoNVdzIzUySNV1gHUPDSdZJ3yZn7pAAbQcV7B56Mvu881q9FZV+0Vx2xC44VWA==, tarball: https://registry.npmmirror.com/mute-stream/-/mute-stream-2.0.0.tgz}
    engines: {node: ^18.17.0 || >=20.5.0}
    dev: false

  /once@1.4.0:
    resolution: {integrity: sha512-lNaJgI+2Q5URQBkccEKHTQOPaXdUxnZZElQTZY0MFUAuaEqe1E+Nyvgdz/aIyNi6Z9MzO5dv1H8n58/GELp3+w==, tarball: https://registry.npmmirror.com/once/-/once-1.4.0.tgz}
    dependencies:
      wrappy: 1.0.2
    dev: false

  /os-tmpdir@1.0.2:
    resolution: {integrity: sha512-D2FR03Vir7FIu45XBY20mTb+/ZSWB00sjU9jdQXt83gDrI4Ztz5Fs7/yy74g2N5SVQY4xY1qDr4rNddwYRVX0g==, tarball: https://registry.npmmirror.com/os-tmpdir/-/os-tmpdir-1.0.2.tgz}
    engines: {node: '>=0.10.0'}
    dev: false

  /path-is-absolute@1.0.1:
    resolution: {integrity: sha512-AVbw3UJ2e9bq64vSaS9Am0fje1Pa8pbGqTTsmXfaIiMpnr5DlDhfJOuLj9Sf95ZPVDAUerDfEk88MPmPe7UCQg==, tarball: https://registry.npmmirror.com/path-is-absolute/-/path-is-absolute-1.0.1.tgz}
    engines: {node: '>=0.10.0'}
    dev: false

  /path-parse@1.0.7:
    resolution: {integrity: sha512-LDJzPVEEEPR+y48z93A0Ed0yXb8pAByGWo/k5YYdYgpY2/2EsOsksJrq7lOHxryrVOn1ejG6oAp8ahvOIQD8sw==, tarball: https://registry.npmmirror.com/path-parse/-/path-parse-1.0.7.tgz}
    dev: false

  /rechoir@0.6.2:
    resolution: {integrity: sha512-HFM8rkZ+i3zrV+4LQjwQ0W+ez98pApMGM3HUrN04j3CqzPOzl9nmP15Y8YXNm8QHGv/eacOVEjqhmWpkRV0NAw==, tarball: https://registry.npmmirror.com/rechoir/-/rechoir-0.6.2.tgz}
    engines: {node: '>= 0.10'}
    dependencies:
      resolve: 1.22.8
    dev: false

  /resolve@1.22.8:
    resolution: {integrity: sha512-oKWePCxqpd6FlLvGV1VU0x7bkPmmCNolxzjMf4NczoDnQcIWrAF+cPtZn5i6n+RfD2d9i0tzpKnG6Yk168yIyw==, tarball: https://registry.npmmirror.com/resolve/-/resolve-1.22.8.tgz}
    hasBin: true
    dependencies:
      is-core-module: 2.15.1
      path-parse: 1.0.7
      supports-preserve-symlinks-flag: 1.0.0
    dev: false

  /run-async@3.0.0:
    resolution: {integrity: sha512-540WwVDOMxA6dN6We19EcT9sc3hkXPw5mzRNGM3FkdN/vtE9NFvj5lFAPNwUDmJjXidm3v7TC1cTE7t17Ulm1Q==, tarball: https://registry.npmmirror.com/run-async/-/run-async-3.0.0.tgz}
    engines: {node: '>=0.12.0'}
    dev: false

  /rxjs@7.8.1:
    resolution: {integrity: sha512-AA3TVj+0A2iuIoQkWEK/tqFjBq2j+6PO6Y0zJcvzLAFhEFIO3HL0vls9hWLncZbAAbK0mar7oZ4V079I/qPMxg==, tarball: https://registry.npmmirror.com/rxjs/-/rxjs-7.8.1.tgz}
    dependencies:
      tslib: 2.8.1
    dev: false

  /safer-buffer@2.1.2:
    resolution: {integrity: sha512-YZo3K82SD7Riyi0E1EQPojLz7kpepnSQI9IyPbHHg1XXXevb5dJI7tpyN2ADxGcQbHG7vcyRHk0cbwqcQriUtg==, tarball: https://registry.npmmirror.com/safer-buffer/-/safer-buffer-2.1.2.tgz}
    dev: false

  /shelljs@0.8.5:
    resolution: {integrity: sha512-TiwcRcrkhHvbrZbnRcFYMLl30Dfov3HKqzp5tO5b4pt6G/SezKcYhmDg15zXVBswHmctSAQKznqNW2LO5tTDow==, tarball: https://registry.npmmirror.com/shelljs/-/shelljs-0.8.5.tgz}
    engines: {node: '>=4'}
    hasBin: true
    dependencies:
      glob: 7.2.3
      interpret: 1.4.0
      rechoir: 0.6.2
    dev: false

  /signal-exit@4.1.0:
    resolution: {integrity: sha512-bzyZ1e88w9O1iNJbKnOlvYTrWPDl46O1bG0D3XInv+9tkPrxrN8jUUTiFlDkkmKWgn1M6CfIA13SuGqOa9Korw==, tarball: https://registry.npmmirror.com/signal-exit/-/signal-exit-4.1.0.tgz}
    engines: {node: '>=14'}
    dev: false

  /string-width@4.2.3:
    resolution: {integrity: sha512-wKyQRQpjJ0sIp62ErSZdGsjMJWsap5oRNihHhu6G7JVO/9jIB6UyevL+tXuOqrng8j/cxKTWyWUwvSTriiZz/g==, tarball: https://registry.npmmirror.com/string-width/-/string-width-4.2.3.tgz}
    engines: {node: '>=8'}
    dependencies:
      emoji-regex: 8.0.0
      is-fullwidth-code-point: 3.0.0
      strip-ansi: 6.0.1
    dev: false

  /strip-ansi@6.0.1:
    resolution: {integrity: sha512-Y38VPSHcqkFrCpFnQ9vuSXmquuv5oXOKpGeT6aGrr3o3Gc9AlVa6JBfUSOCnbxGGZF+/0ooI7KrPuUSztUdU5A==, tarball: https://registry.npmmirror.com/strip-ansi/-/strip-ansi-6.0.1.tgz}
    engines: {node: '>=8'}
    dependencies:
      ansi-regex: 5.0.1
    dev: false

  /supports-preserve-symlinks-flag@1.0.0:
    resolution: {integrity: sha512-ot0WnXS9fgdkgIcePe6RHNk1WA8+muPa6cSjeR3V8K27q9BB1rTE3R1p7Hv0z1ZyAc8s6Vvv8DIyWf681MAt0w==, tarball: https://registry.npmmirror.com/supports-preserve-symlinks-flag/-/supports-preserve-symlinks-flag-1.0.0.tgz}
    engines: {node: '>= 0.4'}
    dev: false

  /tmp@0.0.33:
    resolution: {integrity: sha512-jRCJlojKnZ3addtTOjdIqoRuPEKBvNXcGYqzO6zWZX8KfKEpnGY5jfggJQ3EjKuu8D4bJRr0y+cYJFmYbImXGw==, tarball: https://registry.npmmirror.com/tmp/-/tmp-0.0.33.tgz}
    engines: {node: '>=0.6.0'}
    dependencies:
      os-tmpdir: 1.0.2
    dev: false

  /tslib@2.8.1:
    resolution: {integrity: sha512-oJFu94HQb+KVduSUQL7wnpmqnfmLsOA/nAh6b6EH0wCEoK0/mPeXU6c3wKDV83MkOuHPRHtSXKKU99IBazS/2w==, tarball: https://registry.npmmirror.com/tslib/-/tslib-2.8.1.tgz}
    dev: false

  /type-fest@0.21.3:
    resolution: {integrity: sha512-t0rzBq87m3fVcduHDUFhKmyyX+9eo6WQjZvf51Ea/M0Q7+T374Jp1aUiyUl0GKxp8M/OETVHSDvmkyPgvX+X2w==, tarball: https://registry.npmmirror.com/type-fest/-/type-fest-0.21.3.tgz}
    engines: {node: '>=10'}
    dev: false

  /undici-types@6.19.8:
    resolution: {integrity: sha512-ve2KP6f/JnbPBFyobGHuerC9g1FYGn/F8n1LWTwNxCEzd6IfqTwUQcNXgEtmmQ6DlRrC1hrSrBnCZPokRrDHjw==, tarball: https://registry.npmmirror.com/undici-types/-/undici-types-6.19.8.tgz}
    dev: false

  /wrap-ansi@6.2.0:
    resolution: {integrity: sha512-r6lPcBGxZXlIcymEu7InxDMhdW0KDxpLgoFLcguasxCaJ/SOIZwINatK9KY/tf+ZrlywOKU0UDj3ATXUBfxJXA==, tarball: https://registry.npmmirror.com/wrap-ansi/-/wrap-ansi-6.2.0.tgz}
    engines: {node: '>=8'}
    dependencies:
      ansi-styles: 4.3.0
      string-width: 4.2.3
      strip-ansi: 6.0.1
    dev: false

  /wrappy@1.0.2:
    resolution: {integrity: sha512-l4Sp/DRseor9wL6EvV2+TuQn63dMkPjZ/sp9XkghTEbV9KlPS1xUsZ3u7/IQO4wxtcFB4bgpQPRcR3QCvezPcQ==, tarball: https://registry.npmmirror.com/wrappy/-/wrappy-1.0.2.tgz}
    dev: false

  /yoctocolors-cjs@2.1.2:
    resolution: {integrity: sha512-cYVsTjKl8b+FrnidjibDWskAv7UKOfcwaVZdp/it9n1s9fU3IkgDbhdIRKCW4JDsAlECJY0ytoVPT3sK6kideA==, tarball: https://registry.npmmirror.com/yoctocolors-cjs/-/yoctocolors-cjs-2.1.2.tgz}
    engines: {node: '>=18'}
    dev: false
